
Microsoft Visual Studio Solution File, Format Version 12.00
# Visual Studio Version 17
VisualStudioVersion = 17.8.34408.163
MinimumVisualStudioVersion = 10.0.40219.1
Project("{FAE04EC0-301F-11D3-BF4B-00C04F79EFBC}") = "Activity2", "Activity2\Activity2.csproj", "{77388AE9-6827-4CCE-A9F3-3614777BA241}"
EndProject
Global
	GlobalSection(SolutionConfigurationPlatforms) = preSolution
		Debug|Any CPU = Debug|Any CPU
		Release|Any CPU = Release|Any CPU
	EndGlobalSection
	GlobalSection(ProjectConfigurationPlatforms) = postSolution
		{77388AE9-6827-4CCE-A9F3-3614777BA241}.Debug|Any CPU.ActiveCfg = Debug|Any CPU
		{77388AE9-6827-4CCE-A9F3-3614777BA241}.Debug|Any CPU.Build.0 = Debug|Any CPU
		{77388AE9-6827-4CCE-A9F3-3614777BA241}.Release|Any CPU.ActiveCfg = Release|Any CPU
		{77388AE9-6827-4CCE-A9F3-3614777BA241}.Release|Any CPU.Build.0 = Release|Any CPU
	EndGlobalSection
	GlobalSection(SolutionProperties) = preSolution
		HideSolutionNode = FALSE
	EndGlobalSection
	GlobalSection(ExtensibilityGlobals) = postSolution
		SolutionGuid = {0C9E0E8B-DA2E-4C0C-BF80-0DEC625780B5}
	EndGlobalSection
EndGlobal
